// !$*UTF8*$!
{
	archiveVersion = 1;
	classes = {
	};
	objectVersion = 56;
	objects = {

/* Begin PBXBuildFile section */
		6C1432302B6962B8005D90AB /* AppDelegate.swift in Sources */ = {isa = PBXBuildFile; fileRef = 6C14322F2B6962B8005D90AB /* AppDelegate.swift */; };
		6C1432322B6962B8005D90AB /* SceneDelegate.swift in Sources */ = {isa = PBXBuildFile; fileRef = 6C1432312B6962B8005D90AB /* SceneDelegate.swift */; };
		6C1432342B6962B8005D90AB /* BeerListViewController.swift in Sources */ = {isa = PBXBuildFile; fileRef = 6C1432332B6962B8005D90AB /* BeerListViewController.swift */; };
		6C14323A2B6962B8005D90AB /* BeeR.xcdatamodeld in Sources */ = {isa = PBXBuildFile; fileRef = 6C1432382B6962B8005D90AB /* BeeR.xcdatamodeld */; };
		6C14323C2B6962BA005D90AB /* Assets.xcassets in Resources */ = {isa = PBXBuildFile; fileRef = 6C14323B2B6962BA005D90AB /* Assets.xcassets */; };
		6C14323F2B6962BA005D90AB /* LaunchScreen.storyboard in Resources */ = {isa = PBXBuildFile; fileRef = 6C14323D2B6962BA005D90AB /* LaunchScreen.storyboard */; };
		6C1432472B696477005D90AB /* APICaller.swift in Sources */ = {isa = PBXBuildFile; fileRef = 6C1432462B696477005D90AB /* APICaller.swift */; };
		6C14324B2B69652F005D90AB /* Beers.swift in Sources */ = {isa = PBXBuildFile; fileRef = 6C14324A2B69652F005D90AB /* Beers.swift */; };
		6C14324F2B6980D9005D90AB /* BeerListViewCell.swift in Sources */ = {isa = PBXBuildFile; fileRef = 6C14324E2B6980D9005D90AB /* BeerListViewCell.swift */; };
		6C1432522B698582005D90AB /* BeersViewModel.swift in Sources */ = {isa = PBXBuildFile; fileRef = 6C1432512B698582005D90AB /* BeersViewModel.swift */; };
		6C1432542B6A6F25005D90AB /* BeerDetailsViewController.swift in Sources */ = {isa = PBXBuildFile; fileRef = 6C1432532B6A6F25005D90AB /* BeerDetailsViewController.swift */; };
		6C1432562B6A7017005D90AB /* BeerSearchViewController.swift in Sources */ = {isa = PBXBuildFile; fileRef = 6C1432552B6A7017005D90AB /* BeerSearchViewController.swift */; };
/* End PBXBuildFile section */

/* Begin PBXFileReference section */
		6C14322C2B6962B8005D90AB /* BeeR.app */ = {isa = PBXFileReference; explicitFileType = wrapper.application; includeInIndex = 0; path = BeeR.app; sourceTree = BUILT_PRODUCTS_DIR; };
		6C14322F2B6962B8005D90AB /* AppDelegate.swift */ = {isa = PBXFileReference; lastKnownFileType = sourcecode.swift; path = AppDelegate.swift; sourceTree = "<group>"; };
		6C1432312B6962B8005D90AB /* SceneDelegate.swift */ = {isa = PBXFileReference; lastKnownFileType = sourcecode.swift; path = SceneDelegate.swift; sourceTree = "<group>"; };
		6C1432332B6962B8005D90AB /* BeerListViewController.swift */ = {isa = PBXFileReference; lastKnownFileType = sourcecode.swift; path = BeerListViewController.swift; sourceTree = "<group>"; };
		6C1432392B6962B8005D90AB /* BeeR.xcdatamodel */ = {isa = PBXFileReference; lastKnownFileType = wrapper.xcdatamodel; path = BeeR.xcdatamodel; sourceTree = "<group>"; };
		6C14323B2B6962BA005D90AB /* Assets.xcassets */ = {isa = PBXFileReference; lastKnownFileType = folder.assetcatalog; path = Assets.xcassets; sourceTree = "<group>"; };
		6C14323E2B6962BA005D90AB /* Base */ = {isa = PBXFileReference; lastKnownFileType = file.storyboard; name = Base; path = Base.lproj/LaunchScreen.storyboard; sourceTree = "<group>"; };
		6C1432402B6962BA005D90AB /* Info.plist */ = {isa = PBXFileReference; lastKnownFileType = text.plist.xml; path = Info.plist; sourceTree = "<group>"; };
		6C1432462B696477005D90AB /* APICaller.swift */ = {isa = PBXFileReference; lastKnownFileType = sourcecode.swift; path = APICaller.swift; sourceTree = "<group>"; };
		6C14324A2B69652F005D90AB /* Beers.swift */ = {isa = PBXFileReference; lastKnownFileType = sourcecode.swift; path = Beers.swift; sourceTree = "<group>"; };
		6C14324E2B6980D9005D90AB /* BeerListViewCell.swift */ = {isa = PBXFileReference; lastKnownFileType = sourcecode.swift; path = BeerListViewCell.swift; sourceTree = "<group>"; };
		6C1432512B698582005D90AB /* BeersViewModel.swift */ = {isa = PBXFileReference; lastKnownFileType = sourcecode.swift; path = BeersViewModel.swift; sourceTree = "<group>"; };
		6C1432532B6A6F25005D90AB /* BeerDetailsViewController.swift */ = {isa = PBXFileReference; lastKnownFileType = sourcecode.swift; path = BeerDetailsViewController.swift; sourceTree = "<group>"; };
		6C1432552B6A7017005D90AB /* BeerSearchViewController.swift */ = {isa = PBXFileReference; lastKnownFileType = sourcecode.swift; path = BeerSearchViewController.swift; sourceTree = "<group>"; };
/* End PBXFileReference section */

/* Begin PBXFrameworksBuildPhase section */
		6C1432292B6962B8005D90AB /* Frameworks */ = {
			isa = PBXFrameworksBuildPhase;
			buildActionMask = 2147483647;
			files = (
			);
			runOnlyForDeploymentPostprocessing = 0;
		};
/* End PBXFrameworksBuildPhase section */

/* Begin PBXGroup section */
		6C1432232B6962B8005D90AB = {
			isa = PBXGroup;
			children = (
				6C14322E2B6962B8005D90AB /* BeeR */,
				6C14322D2B6962B8005D90AB /* Products */,
			);
			sourceTree = "<group>";
		};
		6C14322D2B6962B8005D90AB /* Products */ = {
			isa = PBXGroup;
			children = (
				6C14322C2B6962B8005D90AB /* BeeR.app */,
			);
			name = Products;
			sourceTree = "<group>";
		};
		6C14322E2B6962B8005D90AB /* BeeR */ = {
			isa = PBXGroup;
			children = (
				6C1432312B6962B8005D90AB /* SceneDelegate.swift */,
				6C14322F2B6962B8005D90AB /* AppDelegate.swift */,
				6C1432502B69856B005D90AB /* ViewModels */,
				6C14324C2B697F9F005D90AB /* Views */,
				6C1432482B696515005D90AB /* Managers */,
				6C1432492B696525005D90AB /* Models */,
				6C14323B2B6962BA005D90AB /* Assets.xcassets */,
				6C14323D2B6962BA005D90AB /* LaunchScreen.storyboard */,
				6C1432402B6962BA005D90AB /* Info.plist */,
				6C1432382B6962B8005D90AB /* BeeR.xcdatamodeld */,
			);
			path = BeeR;
			sourceTree = "<group>";
		};
		6C1432482B696515005D90AB /* Managers */ = {
			isa = PBXGroup;
			children = (
				6C1432462B696477005D90AB /* APICaller.swift */,
			);
			path = Managers;
			sourceTree = "<group>";
		};
		6C1432492B696525005D90AB /* Models */ = {
			isa = PBXGroup;
			children = (
				6C14324A2B69652F005D90AB /* Beers.swift */,
			);
			path = Models;
			sourceTree = "<group>";
		};
		6C14324C2B697F9F005D90AB /* Views */ = {
			isa = PBXGroup;
			children = (
				6C1432332B6962B8005D90AB /* BeerListViewController.swift */,
				6C1432552B6A7017005D90AB /* BeerSearchViewController.swift */,
				6C1432532B6A6F25005D90AB /* BeerDetailsViewController.swift */,
				6C14324D2B6980B6005D90AB /* Cells */,
			);
			path = Views;
			sourceTree = "<group>";
		};
		6C14324D2B6980B6005D90AB /* Cells */ = {
			isa = PBXGroup;
			children = (
				6C14324E2B6980D9005D90AB /* BeerListViewCell.swift */,
			);
			path = Cells;
			sourceTree = "<group>";
		};
		6C1432502B69856B005D90AB /* ViewModels */ = {
			isa = PBXGroup;
			children = (
				6C1432512B698582005D90AB /* BeersViewModel.swift */,
			);
			path = ViewModels;
			sourceTree = "<group>";
		};
/* End PBXGroup section */

/* Begin PBXNativeTarget section */
		6C14322B2B6962B8005D90AB /* BeeR */ = {
			isa = PBXNativeTarget;
			buildConfigurationList = 6C1432432B6962BA005D90AB /* Build configuration list for PBXNativeTarget "BeeR" */;
			buildPhases = (
				6C1432282B6962B8005D90AB /* Sources */,
				6C1432292B6962B8005D90AB /* Frameworks */,
				6C14322A2B6962B8005D90AB /* Resources */,
			);
			buildRules = (
			);
			dependencies = (
			);
			name = BeeR;
			productName = BeeR;
			productReference = 6C14322C2B6962B8005D90AB /* BeeR.app */;
			productType = "com.apple.product-type.application";
		};
/* End PBXNativeTarget section */

/* Begin PBXProject section */
		6C1432242B6962B8005D90AB /* Project object */ = {
			isa = PBXProject;
			attributes = {
				BuildIndependentTargetsInParallel = 1;
				LastSwiftUpdateCheck = 1520;
				LastUpgradeCheck = 1520;
				TargetAttributes = {
					6C14322B2B6962B8005D90AB = {
						CreatedOnToolsVersion = 15.2;
					};
				};
			};
			buildConfigurationList = 6C1432272B6962B8005D90AB /* Build configuration list for PBXProject "BeeR" */;
			compatibilityVersion = "Xcode 14.0";
			developmentRegion = en;
			hasScannedForEncodings = 0;
			knownRegions = (
				en,
				Base,
			);
			mainGroup = 6C1432232B6962B8005D90AB;
			productRefGroup = 6C14322D2B6962B8005D90AB /* Products */;
			projectDirPath = "";
			projectRoot = "";
			targets = (
				6C14322B2B6962B8005D90AB /* BeeR */,
			);
		};
/* End PBXProject section */

/* Begin PBXResourcesBuildPhase section */
		6C14322A2B6962B8005D90AB /* Resources */ = {
			isa = PBXResourcesBuildPhase;
			buildActionMask = 2147483647;
			files = (
				6C14323F2B6962BA005D90AB /* LaunchScreen.storyboard in Resources */,
				6C14323C2B6962BA005D90AB /* Assets.xcassets in Resources */,
			);
			runOnlyForDeploymentPostprocessing = 0;
		};
/* End PBXResourcesBuildPhase section */

/* Begin PBXSourcesBuildPhase section */
		6C1432282B6962B8005D90AB /* Sources */ = {
			isa = PBXSourcesBuildPhase;
			buildActionMask = 2147483647;
			files = (
				6C1432342B6962B8005D90AB /* BeerListViewController.swift in Sources */,
				6C14324B2B69652F005D90AB /* Beers.swift in Sources */,
				6C1432542B6A6F25005D90AB /* BeerDetailsViewController.swift in Sources */,
				6C1432302B6962B8005D90AB /* AppDelegate.swift in Sources */,
				6C1432562B6A7017005D90AB /* BeerSearchViewController.swift in Sources */,
				6C1432322B6962B8005D90AB /* SceneDelegate.swift in Sources */,
				6C1432522B698582005D90AB /* BeersViewModel.swift in Sources */,
				6C14324F2B6980D9005D90AB /* BeerListViewCell.swift in Sources */,
				6C1432472B696477005D90AB /* APICaller.swift in Sources */,
				6C14323A2B6962B8005D90AB /* BeeR.xcdatamodeld in Sources */,
			);
			runOnlyForDeploymentPostprocessing = 0;
		};
/* End PBXSourcesBuildPhase section */

/* Begin PBXVariantGroup section */
		6C14323D2B6962BA005D90AB /* LaunchScreen.storyboard */ = {
			isa = PBXVariantGroup;
			children = (
				6C14323E2B6962BA005D90AB /* Base */,
			);
			name = LaunchScreen.storyboard;
			sourceTree = "<group>";
		};
/* End PBXVariantGroup section */

/* Begin XCBuildConfiguration section */
		6C1432412B6962BA005D90AB /* Debug */ = {
			isa = XCBuildConfiguration;
			buildSettings = {
				ALWAYS_SEARCH_USER_PATHS = NO;
				ASSETCATALOG_COMPILER_GENERATE_SWIFT_ASSET_SYMBOL_EXTENSIONS = YES;
				CLANG_ANALYZER_NONNULL = YES;
				CLANG_ANALYZER_NUMBER_OBJECT_CONVERSION = YES_AGGRESSIVE;
				CLANG_CXX_LANGUAGE_STANDARD = "gnu++20";
				CLANG_ENABLE_MODULES = YES;
				CLANG_ENABLE_OBJC_ARC = YES;
				CLANG_ENABLE_OBJC_WEAK = YES;
				CLANG_WARN_BLOCK_CAPTURE_AUTORELEASING = YES;
				CLANG_WARN_BOOL_CONVERSION = YES;
				CLANG_WARN_COMMA = YES;
				CLANG_WARN_CONSTANT_CONVERSION = YES;
				CLANG_WARN_DEPRECATED_OBJC_IMPLEMENTATIONS = YES;
				CLANG_WARN_DIRECT_OBJC_ISA_USAGE = YES_ERROR;
				CLANG_WARN_DOCUMENTATION_COMMENTS = YES;
				CLANG_WARN_EMPTY_BODY = YES;
				CLANG_WARN_ENUM_CONVERSION = YES;
				CLANG_WARN_INFINITE_RECURSION = YES;
				CLANG_WARN_INT_CONVERSION = YES;
				CLANG_WARN_NON_LITERAL_NULL_CONVERSION = YES;
				CLANG_WARN_OBJC_IMPLICIT_RETAIN_SELF = YES;
				CLANG_WARN_OBJC_LITERAL_CONVERSION = YES;
				CLANG_WARN_OBJC_ROOT_CLASS = YES_ERROR;
				CLANG_WARN_QUOTED_INCLUDE_IN_FRAMEWORK_HEADER = YES;
				CLANG_WARN_RANGE_LOOP_ANALYSIS = YES;
				CLANG_WARN_STRICT_PROTOTYPES = YES;
				CLANG_WARN_SUSPICIOUS_MOVE = YES;
				CLANG_WARN_UNGUARDED_AVAILABILITY = YES_AGGRESSIVE;
				CLANG_WARN_UNREACHABLE_CODE = YES;
				CLANG_WARN__DUPLICATE_METHOD_MATCH = YES;
				COPY_PHASE_STRIP = NO;
				DEBUG_INFORMATION_FORMAT = dwarf;
				ENABLE_STRICT_OBJC_MSGSEND = YES;
				ENABLE_TESTABILITY = YES;
				ENABLE_USER_SCRIPT_SANDBOXING = YES;
				GCC_C_LANGUAGE_STANDARD = gnu17;
				GCC_DYNAMIC_NO_PIC = NO;
				GCC_NO_COMMON_BLOCKS = YES;
				GCC_OPTIMIZATION_LEVEL = 0;
				GCC_PREPROCESSOR_DEFINITIONS = (
					"DEBUG=1",
					"$(inherited)",
				);
				GCC_WARN_64_TO_32_BIT_CONVERSION = YES;
				GCC_WARN_ABOUT_RETURN_TYPE = YES_ERROR;
				GCC_WARN_UNDECLARED_SELECTOR = YES;
				GCC_WARN_UNINITIALIZED_AUTOS = YES_AGGRESSIVE;
				GCC_WARN_UNUSED_FUNCTION = YES;
				GCC_WARN_UNUSED_VARIABLE = YES;
				IPHONEOS_DEPLOYMENT_TARGET = 17.2;
				LOCALIZATION_PREFERS_STRING_CATALOGS = YES;
				MTL_ENABLE_DEBUG_INFO = INCLUDE_SOURCE;
				MTL_FAST_MATH = YES;
				ONLY_ACTIVE_ARCH = YES;
				SDKROOT = iphoneos;
				SWIFT_ACTIVE_COMPILATION_CONDITIONS = "DEBUG $(inherited)";
				SWIFT_OPTIMIZATION_LEVEL = "-Onone";
			};
			name = Debug;
		};
		6C1432422B6962BA005D90AB /* Release */ = {
			isa = XCBuildConfiguration;
			buildSettings = {
				ALWAYS_SEARCH_USER_PATHS = NO;
				ASSETCATALOG_COMPILER_GENERATE_SWIFT_ASSET_SYMBOL_EXTENSIONS = YES;
				CLANG_ANALYZER_NONNULL = YES;
				CLANG_ANALYZER_NUMBER_OBJECT_CONVERSION = YES_AGGRESSIVE;
				CLANG_CXX_LANGUAGE_STANDARD = "gnu++20";
				CLANG_ENABLE_MODULES = YES;
				CLANG_ENABLE_OBJC_ARC = YES;
				CLANG_ENABLE_OBJC_WEAK = YES;
				CLANG_WARN_BLOCK_CAPTURE_AUTORELEASING = YES;
				CLANG_WARN_BOOL_CONVERSION = YES;
				CLANG_WARN_COMMA = YES;
				CLANG_WARN_CONSTANT_CONVERSION = YES;
				CLANG_WARN_DEPRECATED_OBJC_IMPLEMENTATIONS = YES;
				CLANG_WARN_DIRECT_OBJC_ISA_USAGE = YES_ERROR;
				CLANG_WARN_DOCUMENTATION_COMMENTS = YES;
				CLANG_WARN_EMPTY_BODY = YES;
				CLANG_WARN_ENUM_CONVERSION = YES;
				CLANG_WARN_INFINITE_RECURSION = YES;
				CLANG_WARN_INT_CONVERSION = YES;
				CLANG_WARN_NON_LITERAL_NULL_CONVERSION = YES;
				CLANG_WARN_OBJC_IMPLICIT_RETAIN_SELF = YES;
				CLANG_WARN_OBJC_LITERAL_CONVERSION = YES;
				CLANG_WARN_OBJC_ROOT_CLASS = YES_ERROR;
				CLANG_WARN_QUOTED_INCLUDE_IN_FRAMEWORK_HEADER = YES;
				CLANG_WARN_RANGE_LOOP_ANALYSIS = YES;
				CLANG_WARN_STRICT_PROTOTYPES = YES;
				CLANG_WARN_SUSPICIOUS_MOVE = YES;
				CLANG_WARN_UNGUARDED_AVAILABILITY = YES_AGGRESSIVE;
				CLANG_WARN_UNREACHABLE_CODE = YES;
				CLANG_WARN__DUPLICATE_METHOD_MATCH = YES;
				COPY_PHASE_STRIP = NO;
				DEBUG_INFORMATION_FORMAT = "dwarf-with-dsym";
				ENABLE_NS_ASSERTIONS = NO;
				ENABLE_STRICT_OBJC_MSGSEND = YES;
				ENABLE_USER_SCRIPT_SANDBOXING = YES;
				GCC_C_LANGUAGE_STANDARD = gnu17;
				GCC_NO_COMMON_BLOCKS = YES;
				GCC_WARN_64_TO_32_BIT_CONVERSION = YES;
				GCC_WARN_ABOUT_RETURN_TYPE = YES_ERROR;
				GCC_WARN_UNDECLARED_SELECTOR = YES;
				GCC_WARN_UNINITIALIZED_AUTOS = YES_AGGRESSIVE;
				GCC_WARN_UNUSED_FUNCTION = YES;
				GCC_WARN_UNUSED_VARIABLE = YES;
				IPHONEOS_DEPLOYMENT_TARGET = 17.2;
				LOCALIZATION_PREFERS_STRING_CATALOGS = YES;
				MTL_ENABLE_DEBUG_INFO = NO;
				MTL_FAST_MATH = YES;
				SDKROOT = iphoneos;
				SWIFT_COMPILATION_MODE = wholemodule;
				VALIDATE_PRODUCT = YES;
			};
			name = Release;
		};
		6C1432442B6962BA005D90AB /* Debug */ = {
			isa = XCBuildConfiguration;
			buildSettings = {
				ASSETCATALOG_COMPILER_APPICON_NAME = AppIcon;
				ASSETCATALOG_COMPILER_GLOBAL_ACCENT_COLOR_NAME = AccentColor;
				CODE_SIGN_STYLE = Automatic;
				CURRENT_PROJECT_VERSION = 1;
				DEVELOPMENT_TEAM = 898BYM6W35;
				GENERATE_INFOPLIST_FILE = YES;
				INFOPLIST_FILE = BeeR/Info.plist;
				INFOPLIST_KEY_UIApplicationSupportsIndirectInputEvents = YES;
				INFOPLIST_KEY_UILaunchStoryboardName = LaunchScreen;
				INFOPLIST_KEY_UISupportedInterfaceOrientations_iPad = "UIInterfaceOrientationPortrait UIInterfaceOrientationPortraitUpsideDown UIInterfaceOrientationLandscapeLeft UIInterfaceOrientationLandscapeRight";
				INFOPLIST_KEY_UISupportedInterfaceOrientations_iPhone = "UIInterfaceOrientationPortrait UIInterfaceOrientationLandscapeLeft UIInterfaceOrientationLandscapeRight";
				LD_RUNPATH_SEARCH_PATHS = (
					"$(inherited)",
					"@executable_path/Frameworks",
				);
				MARKETING_VERSION = 1.0;
				PRODUCT_BUNDLE_IDENTIFIER = rsa.dev.BeeR;
				PRODUCT_NAME = "$(TARGET_NAME)";
				SWIFT_EMIT_LOC_STRINGS = YES;
				SWIFT_VERSION = 5.0;
				TARGETED_DEVICE_FAMILY = "1,2";
			};
			name = Debug;
		};
		6C1432452B6962BA005D90AB /* Release */ = {
			isa = XCBuildConfiguration;
			buildSettings = {
				ASSETCATALOG_COMPILER_APPICON_NAME = AppIcon;
				ASSETCATALOG_COMPILER_GLOBAL_ACCENT_COLOR_NAME = AccentColor;
				CODE_SIGN_STYLE = Automatic;
				CURRENT_PROJECT_VERSION = 1;
				DEVELOPMENT_TEAM = 898BYM6W35;
				GENERATE_INFOPLIST_FILE = YES;
				INFOPLIST_FILE = BeeR/Info.plist;
				INFOPLIST_KEY_UIApplicationSupportsIndirectInputEvents = YES;
				INFOPLIST_KEY_UILaunchStoryboardName = LaunchScreen;
				INFOPLIST_KEY_UISupportedInterfaceOrientations_iPad = "UIInterfaceOrientationPortrait UIInterfaceOrientationPortraitUpsideDown UIInterfaceOrientationLandscapeLeft UIInterfaceOrientationLandscapeRight";
				INFOPLIST_KEY_UISupportedInterfaceOrientations_iPhone = "UIInterfaceOrientationPortrait UIInterfaceOrientationLandscapeLeft UIInterfaceOrientationLandscapeRight";
				LD_RUNPATH_SEARCH_PATHS = (
					"$(inherited)",
					"@executable_path/Frameworks",
				);
				MARKETING_VERSION = 1.0;
				PRODUCT_BUNDLE_IDENTIFIER = rsa.dev.BeeR;
				PRODUCT_NAME = "$(TARGET_NAME)";
				SWIFT_EMIT_LOC_STRINGS = YES;
				SWIFT_VERSION = 5.0;
				TARGETED_DEVICE_FAMILY = "1,2";
			};
			name = Release;
		};
/* End XCBuildConfiguration section */

/* Begin XCConfigurationList section */
		6C1432272B6962B8005D90AB /* Build configuration list for PBXProject "BeeR" */ = {
			isa = XCConfigurationList;
			buildConfigurations = (
				6C1432412B6962BA005D90AB /* Debug */,
				6C1432422B6962BA005D90AB /* Release */,
			);
			defaultConfigurationIsVisible = 0;
			defaultConfigurationName = Release;
		};
		6C1432432B6962BA005D90AB /* Build configuration list for PBXNativeTarget "BeeR" */ = {
			isa = XCConfigurationList;
			buildConfigurations = (
				6C1432442B6962BA005D90AB /* Debug */,
				6C1432452B6962BA005D90AB /* Release */,
			);
			defaultConfigurationIsVisible = 0;
			defaultConfigurationName = Release;
		};
/* End XCConfigurationList section */

/* Begin XCVersionGroup section */
		6C1432382B6962B8005D90AB /* BeeR.xcdatamodeld */ = {
			isa = XCVersionGroup;
			children = (
				6C1432392B6962B8005D90AB /* BeeR.xcdatamodel */,
			);
			currentVersion = 6C1432392B6962B8005D90AB /* BeeR.xcdatamodel */;
			path = BeeR.xcdatamodeld;
			sourceTree = "<group>";
			versionGroupType = wrapper.xcdatamodel;
		};
/* End XCVersionGroup section */
	};
	rootObject = 6C1432242B6962B8005D90AB /* Project object */;
}
